
Microsoft Visual Studio Solution File, Format Version 12.00
# Visual Studio Version 16
VisualStudioVersion = 16.0.31402.337
MinimumVisualStudioVersion = 10.0.40219.1
Project("{9A19103F-16F7-4668-BE54-9A1E7A4F7556}") = "Cricket", "Cricket\Cricket.csproj", "{A735C892-5A2C-45BE-9A24-418A1D8C1C85}"
EndProject
Global
	GlobalSection(SolutionConfigurationPlatforms) = preSolution
		Debug|Any CPU = Debug|Any CPU
		Release|Any CPU = Release|Any CPU
	EndGlobalSection
	GlobalSection(ProjectConfigurationPlatforms) = postSolution
		{A735C892-5A2C-45BE-9A24-418A1D8C1C85}.Debug|Any CPU.ActiveCfg = Debug|Any CPU
		{A735C892-5A2C-45BE-9A24-418A1D8C1C85}.Debug|Any CPU.Build.0 = Debug|Any CPU
		{A735C892-5A2C-45BE-9A24-418A1D8C1C85}.Release|Any CPU.ActiveCfg = Release|Any CPU
		{A735C892-5A2C-45BE-9A24-418A1D8C1C85}.Release|Any CPU.Build.0 = Release|Any CPU
	EndGlobalSection
	GlobalSection(SolutionProperties) = preSolution
		HideSolutionNode = FALSE
	EndGlobalSection
	GlobalSection(ExtensibilityGlobals) = postSolution
		SolutionGuid = {4A2D6595-81C1-417B-AE02-175021976DE0}
	EndGlobalSection
EndGlobal
