
Microsoft Visual Studio Solution File, Format Version 12.00
# Visual Studio Version 16
VisualStudioVersion = 16.0.31105.61
MinimumVisualStudioVersion = 10.0.40219.1
Project("{FAE04EC0-301F-11D3-BF4B-00C04F79EFBC}") = "hangfire", "hangfire\hangfire.csproj", "{2E18E1B9-A5B4-4FC9-B157-50E96E9A9123}"
EndProject
Project("{FAE04EC0-301F-11D3-BF4B-00C04F79EFBC}") = "hangfireconsoleapp", "hangfireconsoleapp\hangfireconsoleapp.csproj", "{B4E80EA3-BAF6-4B6D-A7F0-D44CFFB40DFE}"
EndProject
Global
	GlobalSection(SolutionConfigurationPlatforms) = preSolution
		Debug|Any CPU = Debug|Any CPU
		Release|Any CPU = Release|Any CPU
	EndGlobalSection
	GlobalSection(ProjectConfigurationPlatforms) = postSolution
		{2E18E1B9-A5B4-4FC9-B157-50E96E9A9123}.Debug|Any CPU.ActiveCfg = Debug|Any CPU
		{2E18E1B9-A5B4-4FC9-B157-50E96E9A9123}.Debug|Any CPU.Build.0 = Debug|Any CPU
		{2E18E1B9-A5B4-4FC9-B157-50E96E9A9123}.Release|Any CPU.ActiveCfg = Release|Any CPU
		{2E18E1B9-A5B4-4FC9-B157-50E96E9A9123}.Release|Any CPU.Build.0 = Release|Any CPU
		{B4E80EA3-BAF6-4B6D-A7F0-D44CFFB40DFE}.Debug|Any CPU.ActiveCfg = Debug|Any CPU
		{B4E80EA3-BAF6-4B6D-A7F0-D44CFFB40DFE}.Debug|Any CPU.Build.0 = Debug|Any CPU
		{B4E80EA3-BAF6-4B6D-A7F0-D44CFFB40DFE}.Release|Any CPU.ActiveCfg = Release|Any CPU
		{B4E80EA3-BAF6-4B6D-A7F0-D44CFFB40DFE}.Release|Any CPU.Build.0 = Release|Any CPU
	EndGlobalSection
	GlobalSection(SolutionProperties) = preSolution
		HideSolutionNode = FALSE
	EndGlobalSection
	GlobalSection(ExtensibilityGlobals) = postSolution
		SolutionGuid = {DB76333A-19D7-4B87-A139-06DA92B01396}
	EndGlobalSection
EndGlobal
