
Microsoft Visual Studio Solution File, Format Version 12.00
# Visual Studio Version 16
VisualStudioVersion = 16.0.31129.286
MinimumVisualStudioVersion = 10.0.40219.1
Project("{FAE04EC0-301F-11D3-BF4B-00C04F79EFBC}") = "HelloWorld.Interfaces", "HelloWorld.Interfaces\HelloWorld.Interfaces.csproj", "{0FCC24CC-F7F2-4234-8E09-6045786848D7}"
EndProject
Project("{FAE04EC0-301F-11D3-BF4B-00C04F79EFBC}") = "HelloWorld", "HelloWorld\HelloWorld.csproj", "{59B44F3F-905D-49EF-BC2F-E502D593AFBB}"
EndProject
Project("{FAE04EC0-301F-11D3-BF4B-00C04F79EFBC}") = "HelloWorld.Host", "HelloWorld.Host\HelloWorld.Host.csproj", "{BC85D160-0225-4FB8-B171-DE5EC2749F2C}"
EndProject
Project("{FAE04EC0-301F-11D3-BF4B-00C04F79EFBC}") = "HelloWorld.Client", "HelloWorld.Client\HelloWorld.Client.csproj", "{9577695B-CF2B-4E62-BC7C-ED9D0BD1CFA6}"
EndProject
Global
	GlobalSection(SolutionConfigurationPlatforms) = preSolution
		Debug|Any CPU = Debug|Any CPU
		Release|Any CPU = Release|Any CPU
	EndGlobalSection
	GlobalSection(ProjectConfigurationPlatforms) = postSolution
		{0FCC24CC-F7F2-4234-8E09-6045786848D7}.Debug|Any CPU.ActiveCfg = Debug|Any CPU
		{0FCC24CC-F7F2-4234-8E09-6045786848D7}.Debug|Any CPU.Build.0 = Debug|Any CPU
		{0FCC24CC-F7F2-4234-8E09-6045786848D7}.Release|Any CPU.ActiveCfg = Release|Any CPU
		{0FCC24CC-F7F2-4234-8E09-6045786848D7}.Release|Any CPU.Build.0 = Release|Any CPU
		{59B44F3F-905D-49EF-BC2F-E502D593AFBB}.Debug|Any CPU.ActiveCfg = Debug|Any CPU
		{59B44F3F-905D-49EF-BC2F-E502D593AFBB}.Debug|Any CPU.Build.0 = Debug|Any CPU
		{59B44F3F-905D-49EF-BC2F-E502D593AFBB}.Release|Any CPU.ActiveCfg = Release|Any CPU
		{59B44F3F-905D-49EF-BC2F-E502D593AFBB}.Release|Any CPU.Build.0 = Release|Any CPU
		{BC85D160-0225-4FB8-B171-DE5EC2749F2C}.Debug|Any CPU.ActiveCfg = Debug|Any CPU
		{BC85D160-0225-4FB8-B171-DE5EC2749F2C}.Debug|Any CPU.Build.0 = Debug|Any CPU
		{BC85D160-0225-4FB8-B171-DE5EC2749F2C}.Release|Any CPU.ActiveCfg = Release|Any CPU
		{BC85D160-0225-4FB8-B171-DE5EC2749F2C}.Release|Any CPU.Build.0 = Release|Any CPU
		{9577695B-CF2B-4E62-BC7C-ED9D0BD1CFA6}.Debug|Any CPU.ActiveCfg = Debug|Any CPU
		{9577695B-CF2B-4E62-BC7C-ED9D0BD1CFA6}.Debug|Any CPU.Build.0 = Debug|Any CPU
		{9577695B-CF2B-4E62-BC7C-ED9D0BD1CFA6}.Release|Any CPU.ActiveCfg = Release|Any CPU
		{9577695B-CF2B-4E62-BC7C-ED9D0BD1CFA6}.Release|Any CPU.Build.0 = Release|Any CPU
	EndGlobalSection
	GlobalSection(SolutionProperties) = preSolution
		HideSolutionNode = FALSE
	EndGlobalSection
	GlobalSection(ExtensibilityGlobals) = postSolution
		SolutionGuid = {A7A52B24-FC08-44AD-83B3-EFFE333D482B}
	EndGlobalSection
EndGlobal
