
Microsoft Visual Studio Solution File, Format Version 12.00
# Visual Studio Version 16
VisualStudioVersion = 16.0.31313.79
MinimumVisualStudioVersion = 10.0.40219.1
Project("{9A19103F-16F7-4668-BE54-9A1E7A4F7556}") = "Cricket", "Cricket\Cricket.csproj", "{3A516AC6-C6AA-47CD-BD1F-B2E69064778F}"
EndProject
Global
	GlobalSection(SolutionConfigurationPlatforms) = preSolution
		Debug|Any CPU = Debug|Any CPU
		Release|Any CPU = Release|Any CPU
	EndGlobalSection
	GlobalSection(ProjectConfigurationPlatforms) = postSolution
		{3A516AC6-C6AA-47CD-BD1F-B2E69064778F}.Debug|Any CPU.ActiveCfg = Debug|Any CPU
		{3A516AC6-C6AA-47CD-BD1F-B2E69064778F}.Debug|Any CPU.Build.0 = Debug|Any CPU
		{3A516AC6-C6AA-47CD-BD1F-B2E69064778F}.Release|Any CPU.ActiveCfg = Release|Any CPU
		{3A516AC6-C6AA-47CD-BD1F-B2E69064778F}.Release|Any CPU.Build.0 = Release|Any CPU
	EndGlobalSection
	GlobalSection(SolutionProperties) = preSolution
		HideSolutionNode = FALSE
	EndGlobalSection
	GlobalSection(ExtensibilityGlobals) = postSolution
		SolutionGuid = {C24F56BA-2978-4EC4-98CC-97B6CC4D6C9D}
	EndGlobalSection
EndGlobal
