
Microsoft Visual Studio Solution File, Format Version 12.00
# Visual Studio Version 16
VisualStudioVersion = 16.0.31129.286
MinimumVisualStudioVersion = 10.0.40219.1
Project("{2150E333-8FDC-42A3-9474-1A3956D46DE8}") = "OrleansHelloWorld", "OrleansHelloWorld", "{060F4988-9F11-4ED8-BD63-624829038C91}"
EndProject
Project("{FAE04EC0-301F-11D3-BF4B-00C04F79EFBC}") = "HelloWorldInterfaces", "HelloWorldInterfaces\HelloWorldInterfaces.csproj", "{7B0587AF-4FE5-4923-9B54-9E6B508D5062}"
EndProject
Project("{FAE04EC0-301F-11D3-BF4B-00C04F79EFBC}") = "HelloWorld", "HelloWorld\HelloWorld.csproj", "{BACED2B9-D57E-4DB5-979F-0FE7CEE37877}"
EndProject
Project("{FAE04EC0-301F-11D3-BF4B-00C04F79EFBC}") = "HelloWorldHost", "HelloWorldHost\HelloWorldHost.csproj", "{4DA124ED-4A61-4ADF-B7D2-79AC46C14A79}"
EndProject
Project("{FAE04EC0-301F-11D3-BF4B-00C04F79EFBC}") = "HelloWorldClient", "HelloWorldClient\HelloWorldClient.csproj", "{47085CF8-9770-4ED0-B8FF-3A2835C44EEA}"
EndProject
Global
	GlobalSection(SolutionConfigurationPlatforms) = preSolution
		Debug|Any CPU = Debug|Any CPU
		Release|Any CPU = Release|Any CPU
	EndGlobalSection
	GlobalSection(ProjectConfigurationPlatforms) = postSolution
		{7B0587AF-4FE5-4923-9B54-9E6B508D5062}.Debug|Any CPU.ActiveCfg = Debug|Any CPU
		{7B0587AF-4FE5-4923-9B54-9E6B508D5062}.Debug|Any CPU.Build.0 = Debug|Any CPU
		{7B0587AF-4FE5-4923-9B54-9E6B508D5062}.Release|Any CPU.ActiveCfg = Release|Any CPU
		{7B0587AF-4FE5-4923-9B54-9E6B508D5062}.Release|Any CPU.Build.0 = Release|Any CPU
		{BACED2B9-D57E-4DB5-979F-0FE7CEE37877}.Debug|Any CPU.ActiveCfg = Debug|Any CPU
		{BACED2B9-D57E-4DB5-979F-0FE7CEE37877}.Debug|Any CPU.Build.0 = Debug|Any CPU
		{BACED2B9-D57E-4DB5-979F-0FE7CEE37877}.Release|Any CPU.ActiveCfg = Release|Any CPU
		{BACED2B9-D57E-4DB5-979F-0FE7CEE37877}.Release|Any CPU.Build.0 = Release|Any CPU
		{4DA124ED-4A61-4ADF-B7D2-79AC46C14A79}.Debug|Any CPU.ActiveCfg = Debug|Any CPU
		{4DA124ED-4A61-4ADF-B7D2-79AC46C14A79}.Debug|Any CPU.Build.0 = Debug|Any CPU
		{4DA124ED-4A61-4ADF-B7D2-79AC46C14A79}.Release|Any CPU.ActiveCfg = Release|Any CPU
		{4DA124ED-4A61-4ADF-B7D2-79AC46C14A79}.Release|Any CPU.Build.0 = Release|Any CPU
		{47085CF8-9770-4ED0-B8FF-3A2835C44EEA}.Debug|Any CPU.ActiveCfg = Debug|Any CPU
		{47085CF8-9770-4ED0-B8FF-3A2835C44EEA}.Debug|Any CPU.Build.0 = Debug|Any CPU
		{47085CF8-9770-4ED0-B8FF-3A2835C44EEA}.Release|Any CPU.ActiveCfg = Release|Any CPU
		{47085CF8-9770-4ED0-B8FF-3A2835C44EEA}.Release|Any CPU.Build.0 = Release|Any CPU
	EndGlobalSection
	GlobalSection(SolutionProperties) = preSolution
		HideSolutionNode = FALSE
	EndGlobalSection
	GlobalSection(NestedProjects) = preSolution
		{7B0587AF-4FE5-4923-9B54-9E6B508D5062} = {060F4988-9F11-4ED8-BD63-624829038C91}
		{BACED2B9-D57E-4DB5-979F-0FE7CEE37877} = {060F4988-9F11-4ED8-BD63-624829038C91}
		{4DA124ED-4A61-4ADF-B7D2-79AC46C14A79} = {060F4988-9F11-4ED8-BD63-624829038C91}
		{47085CF8-9770-4ED0-B8FF-3A2835C44EEA} = {060F4988-9F11-4ED8-BD63-624829038C91}
	EndGlobalSection
	GlobalSection(ExtensibilityGlobals) = postSolution
		SolutionGuid = {0BDAAF99-AD1E-4F5F-B718-C2FC57A09FF6}
	EndGlobalSection
EndGlobal
